// !$*UTF8*$!
{
	archiveVersion = 1;
	classes = {
	};
	objectVersion = 51;
	objects = {

/* Begin PBXBuildFile section */
		224A60F48A2BF1EA686A2A74 /* Pods_InstagramUITests.framework in Frameworks */ = {isa = PBXBuildFile; fileRef = BFCDA1907F1BB52CF7C00E20 /* Pods_InstagramUITests.framework */; };
		66C2FD0D897D67F1795241BF /* Pods_Instagram.framework in Frameworks */ = {isa = PBXBuildFile; fileRef = 24134E216583BEDACB849C80 /* Pods_Instagram.framework */; };
		694B9B128969BC176EE03E63 /* Pods_InstagramTests.framework in Frameworks */ = {isa = PBXBuildFile; fileRef = 93B2DE06D2283EE608FB67D3 /* Pods_InstagramTests.framework */; };
		B69835A322D3FB440095E86E /* AppDelegate.m in Sources */ = {isa = PBXBuildFile; fileRef = B69835A222D3FB440095E86E /* AppDelegate.m */; };
		B69835A922D3FB440095E86E /* Main.storyboard in Resources */ = {isa = PBXBuildFile; fileRef = B69835A722D3FB440095E86E /* Main.storyboard */; };
		B69835AB22D3FB450095E86E /* Assets.xcassets in Resources */ = {isa = PBXBuildFile; fileRef = B69835AA22D3FB450095E86E /* Assets.xcassets */; };
		B69835AE22D3FB450095E86E /* LaunchScreen.storyboard in Resources */ = {isa = PBXBuildFile; fileRef = B69835AC22D3FB450095E86E /* LaunchScreen.storyboard */; };
		B69835B122D3FB450095E86E /* main.m in Sources */ = {isa = PBXBuildFile; fileRef = B69835B022D3FB450095E86E /* main.m */; };
		B69835BB22D3FB450095E86E /* InstagramTests.m in Sources */ = {isa = PBXBuildFile; fileRef = B69835BA22D3FB450095E86E /* InstagramTests.m */; };
		B69835C622D3FB450095E86E /* InstagramUITests.m in Sources */ = {isa = PBXBuildFile; fileRef = B69835C522D3FB450095E86E /* InstagramUITests.m */; };
		B69835D622D404870095E86E /* LoginViewController.m in Sources */ = {isa = PBXBuildFile; fileRef = B69835D522D404870095E86E /* LoginViewController.m */; };
		B69835D922D4061C0095E86E /* CreateAccountViewController.m in Sources */ = {isa = PBXBuildFile; fileRef = B69835D822D4061C0095E86E /* CreateAccountViewController.m */; };
		B69835DF22D415370095E86E /* FeedViewController.m in Sources */ = {isa = PBXBuildFile; fileRef = B69835DE22D415370095E86E /* FeedViewController.m */; };
		B69835E222D4206E0095E86E /* ComposeViewController.m in Sources */ = {isa = PBXBuildFile; fileRef = B69835E122D4206E0095E86E /* ComposeViewController.m */; };
		B69835E722D528350095E86E /* Post.m in Sources */ = {isa = PBXBuildFile; fileRef = B69835E622D528350095E86E /* Post.m */; };
		B69835EB22D54B1F0095E86E /* PostCell.m in Sources */ = {isa = PBXBuildFile; fileRef = B69835EA22D54B1F0095E86E /* PostCell.m */; };
		B69835EE22D66E450095E86E /* ProfileViewController.m in Sources */ = {isa = PBXBuildFile; fileRef = B69835ED22D66E450095E86E /* ProfileViewController.m */; };
		B69835F722D690E00095E86E /* CurrentUserProfileViewController.m in Sources */ = {isa = PBXBuildFile; fileRef = B69835F622D690E00095E86E /* CurrentUserProfileViewController.m */; };
/* End PBXBuildFile section */

/* Begin PBXContainerItemProxy section */
		B69835B722D3FB450095E86E /* PBXContainerItemProxy */ = {
			isa = PBXContainerItemProxy;
			containerPortal = B698359622D3FB440095E86E /* Project object */;
			proxyType = 1;
			remoteGlobalIDString = B698359D22D3FB440095E86E;
			remoteInfo = Instagram;
		};
		B69835C222D3FB450095E86E /* PBXContainerItemProxy */ = {
			isa = PBXContainerItemProxy;
			containerPortal = B698359622D3FB440095E86E /* Project object */;
			proxyType = 1;
			remoteGlobalIDString = B698359D22D3FB440095E86E;
			remoteInfo = Instagram;
		};
/* End PBXContainerItemProxy section */

/* Begin PBXFileReference section */
		17CB463C70BDB4D775E3FC3B /* Pods-InstagramTests.release.xcconfig */ = {isa = PBXFileReference; includeInIndex = 1; lastKnownFileType = text.xcconfig; name = "Pods-InstagramTests.release.xcconfig"; path = "Target Support Files/Pods-InstagramTests/Pods-InstagramTests.release.xcconfig"; sourceTree = "<group>"; };
		24134E216583BEDACB849C80 /* Pods_Instagram.framework */ = {isa = PBXFileReference; explicitFileType = wrapper.framework; includeInIndex = 0; path = Pods_Instagram.framework; sourceTree = BUILT_PRODUCTS_DIR; };
		57D359DDBEA2C18349B5B83D /* Pods-Instagram.release.xcconfig */ = {isa = PBXFileReference; includeInIndex = 1; lastKnownFileType = text.xcconfig; name = "Pods-Instagram.release.xcconfig"; path = "Target Support Files/Pods-Instagram/Pods-Instagram.release.xcconfig"; sourceTree = "<group>"; };
		93B2DE06D2283EE608FB67D3 /* Pods_InstagramTests.framework */ = {isa = PBXFileReference; explicitFileType = wrapper.framework; includeInIndex = 0; path = Pods_InstagramTests.framework; sourceTree = BUILT_PRODUCTS_DIR; };
		A38FEC66827658AE89DE7728 /* Pods-InstagramUITests.debug.xcconfig */ = {isa = PBXFileReference; includeInIndex = 1; lastKnownFileType = text.xcconfig; name = "Pods-InstagramUITests.debug.xcconfig"; path = "Target Support Files/Pods-InstagramUITests/Pods-InstagramUITests.debug.xcconfig"; sourceTree = "<group>"; };
		A7CB8B31FAC848F61E17EDF1 /* Pods-Instagram.debug.xcconfig */ = {isa = PBXFileReference; includeInIndex = 1; lastKnownFileType = text.xcconfig; name = "Pods-Instagram.debug.xcconfig"; path = "Target Support Files/Pods-Instagram/Pods-Instagram.debug.xcconfig"; sourceTree = "<group>"; };
		B698359E22D3FB440095E86E /* Instagram.app */ = {isa = PBXFileReference; explicitFileType = wrapper.application; includeInIndex = 0; path = Instagram.app; sourceTree = BUILT_PRODUCTS_DIR; };
		B69835A122D3FB440095E86E /* AppDelegate.h */ = {isa = PBXFileReference; lastKnownFileType = sourcecode.c.h; path = AppDelegate.h; sourceTree = "<group>"; };
		B69835A222D3FB440095E86E /* AppDelegate.m */ = {isa = PBXFileReference; lastKnownFileType = sourcecode.c.objc; path = AppDelegate.m; sourceTree = "<group>"; };
		B69835A822D3FB440095E86E /* Base */ = {isa = PBXFileReference; lastKnownFileType = file.storyboard; name = Base; path = Base.lproj/Main.storyboard; sourceTree = "<group>"; };
		B69835AA22D3FB450095E86E /* Assets.xcassets */ = {isa = PBXFileReference; lastKnownFileType = folder.assetcatalog; path = Assets.xcassets; sourceTree = "<group>"; };
		B69835AD22D3FB450095E86E /* Base */ = {isa = PBXFileReference; lastKnownFileType = file.storyboard; name = Base; path = Base.lproj/LaunchScreen.storyboard; sourceTree = "<group>"; };
		B69835AF22D3FB450095E86E /* Info.plist */ = {isa = PBXFileReference; lastKnownFileType = text.plist.xml; path = Info.plist; sourceTree = "<group>"; };
		B69835B022D3FB450095E86E /* main.m */ = {isa = PBXFileReference; lastKnownFileType = sourcecode.c.objc; path = main.m; sourceTree = "<group>"; };
		B69835B622D3FB450095E86E /* InstagramTests.xctest */ = {isa = PBXFileReference; explicitFileType = wrapper.cfbundle; includeInIndex = 0; path = InstagramTests.xctest; sourceTree = BUILT_PRODUCTS_DIR; };
		B69835BA22D3FB450095E86E /* InstagramTests.m */ = {isa = PBXFileReference; lastKnownFileType = sourcecode.c.objc; path = InstagramTests.m; sourceTree = "<group>"; };
		B69835BC22D3FB450095E86E /* Info.plist */ = {isa = PBXFileReference; lastKnownFileType = text.plist.xml; path = Info.plist; sourceTree = "<group>"; };
		B69835C122D3FB450095E86E /* InstagramUITests.xctest */ = {isa = PBXFileReference; explicitFileType = wrapper.cfbundle; includeInIndex = 0; path = InstagramUITests.xctest; sourceTree = BUILT_PRODUCTS_DIR; };
		B69835C522D3FB450095E86E /* InstagramUITests.m */ = {isa = PBXFileReference; lastKnownFileType = sourcecode.c.objc; path = InstagramUITests.m; sourceTree = "<group>"; };
		B69835C722D3FB450095E86E /* Info.plist */ = {isa = PBXFileReference; lastKnownFileType = text.plist.xml; path = Info.plist; sourceTree = "<group>"; };
		B69835D422D404870095E86E /* LoginViewController.h */ = {isa = PBXFileReference; lastKnownFileType = sourcecode.c.h; path = LoginViewController.h; sourceTree = "<group>"; };
		B69835D522D404870095E86E /* LoginViewController.m */ = {isa = PBXFileReference; lastKnownFileType = sourcecode.c.objc; path = LoginViewController.m; sourceTree = "<group>"; };
		B69835D722D4061C0095E86E /* CreateAccountViewController.h */ = {isa = PBXFileReference; lastKnownFileType = sourcecode.c.h; path = CreateAccountViewController.h; sourceTree = "<group>"; };
		B69835D822D4061C0095E86E /* CreateAccountViewController.m */ = {isa = PBXFileReference; lastKnownFileType = sourcecode.c.objc; path = CreateAccountViewController.m; sourceTree = "<group>"; };
		B69835DD22D415370095E86E /* FeedViewController.h */ = {isa = PBXFileReference; lastKnownFileType = sourcecode.c.h; path = FeedViewController.h; sourceTree = "<group>"; };
		B69835DE22D415370095E86E /* FeedViewController.m */ = {isa = PBXFileReference; lastKnownFileType = sourcecode.c.objc; path = FeedViewController.m; sourceTree = "<group>"; };
		B69835E022D4206E0095E86E /* ComposeViewController.h */ = {isa = PBXFileReference; lastKnownFileType = sourcecode.c.h; path = ComposeViewController.h; sourceTree = "<group>"; };
		B69835E122D4206E0095E86E /* ComposeViewController.m */ = {isa = PBXFileReference; lastKnownFileType = sourcecode.c.objc; path = ComposeViewController.m; sourceTree = "<group>"; };
		B69835E522D528350095E86E /* Post.h */ = {isa = PBXFileReference; lastKnownFileType = sourcecode.c.h; path = Post.h; sourceTree = "<group>"; };
		B69835E622D528350095E86E /* Post.m */ = {isa = PBXFileReference; lastKnownFileType = sourcecode.c.objc; path = Post.m; sourceTree = "<group>"; };
		B69835E922D54B1F0095E86E /* PostCell.h */ = {isa = PBXFileReference; lastKnownFileType = sourcecode.c.h; path = PostCell.h; sourceTree = "<group>"; };
		B69835EA22D54B1F0095E86E /* PostCell.m */ = {isa = PBXFileReference; lastKnownFileType = sourcecode.c.objc; path = PostCell.m; sourceTree = "<group>"; };
		B69835EC22D66E450095E86E /* ProfileViewController.h */ = {isa = PBXFileReference; lastKnownFileType = sourcecode.c.h; path = ProfileViewController.h; sourceTree = "<group>"; };
		B69835ED22D66E450095E86E /* ProfileViewController.m */ = {isa = PBXFileReference; lastKnownFileType = sourcecode.c.objc; path = ProfileViewController.m; sourceTree = "<group>"; };
		B69835F522D690E00095E86E /* CurrentUserProfileViewController.h */ = {isa = PBXFileReference; lastKnownFileType = sourcecode.c.h; path = CurrentUserProfileViewController.h; sourceTree = "<group>"; };
		B69835F622D690E00095E86E /* CurrentUserProfileViewController.m */ = {isa = PBXFileReference; lastKnownFileType = sourcecode.c.objc; path = CurrentUserProfileViewController.m; sourceTree = "<group>"; };
		BFCDA1907F1BB52CF7C00E20 /* Pods_InstagramUITests.framework */ = {isa = PBXFileReference; explicitFileType = wrapper.framework; includeInIndex = 0; path = Pods_InstagramUITests.framework; sourceTree = BUILT_PRODUCTS_DIR; };
		CE92474175538546AD37E3EE /* Pods-InstagramUITests.release.xcconfig */ = {isa = PBXFileReference; includeInIndex = 1; lastKnownFileType = text.xcconfig; name = "Pods-InstagramUITests.release.xcconfig"; path = "Target Support Files/Pods-InstagramUITests/Pods-InstagramUITests.release.xcconfig"; sourceTree = "<group>"; };
		F07B797FE9B5D338FD4AA09D /* Pods-InstagramTests.debug.xcconfig */ = {isa = PBXFileReference; includeInIndex = 1; lastKnownFileType = text.xcconfig; name = "Pods-InstagramTests.debug.xcconfig"; path = "Target Support Files/Pods-InstagramTests/Pods-InstagramTests.debug.xcconfig"; sourceTree = "<group>"; };
/* End PBXFileReference section */

/* Begin PBXFrameworksBuildPhase section */
		B698359B22D3FB440095E86E /* Frameworks */ = {
			isa = PBXFrameworksBuildPhase;
			buildActionMask = 2147483647;
			files = (
				66C2FD0D897D67F1795241BF /* Pods_Instagram.framework in Frameworks */,
			);
			runOnlyForDeploymentPostprocessing = 0;
		};
		B69835B322D3FB450095E86E /* Frameworks */ = {
			isa = PBXFrameworksBuildPhase;
			buildActionMask = 2147483647;
			files = (
				694B9B128969BC176EE03E63 /* Pods_InstagramTests.framework in Frameworks */,
			);
			runOnlyForDeploymentPostprocessing = 0;
		};
		B69835BE22D3FB450095E86E /* Frameworks */ = {
			isa = PBXFrameworksBuildPhase;
			buildActionMask = 2147483647;
			files = (
				224A60F48A2BF1EA686A2A74 /* Pods_InstagramUITests.framework in Frameworks */,
			);
			runOnlyForDeploymentPostprocessing = 0;
		};
/* End PBXFrameworksBuildPhase section */

/* Begin PBXGroup section */
		8A4850CC6CAC2DAFADF67CA6 /* Frameworks */ = {
			isa = PBXGroup;
			children = (
				24134E216583BEDACB849C80 /* Pods_Instagram.framework */,
				93B2DE06D2283EE608FB67D3 /* Pods_InstagramTests.framework */,
				BFCDA1907F1BB52CF7C00E20 /* Pods_InstagramUITests.framework */,
			);
			name = Frameworks;
			sourceTree = "<group>";
		};
		B698359522D3FB440095E86E = {
			isa = PBXGroup;
			children = (
				B69835A022D3FB440095E86E /* Instagram */,
				B69835B922D3FB450095E86E /* InstagramTests */,
				B69835C422D3FB450095E86E /* InstagramUITests */,
				B698359F22D3FB440095E86E /* Products */,
				D844F6599F9A1BF128A66705 /* Pods */,
				8A4850CC6CAC2DAFADF67CA6 /* Frameworks */,
			);
			sourceTree = "<group>";
		};
		B698359F22D3FB440095E86E /* Products */ = {
			isa = PBXGroup;
			children = (
				B698359E22D3FB440095E86E /* Instagram.app */,
				B69835B622D3FB450095E86E /* InstagramTests.xctest */,
				B69835C122D3FB450095E86E /* InstagramUITests.xctest */,
			);
			name = Products;
			sourceTree = "<group>";
		};
		B69835A022D3FB440095E86E /* Instagram */ = {
			isa = PBXGroup;
			children = (
				B69835D322D404490095E86E /* View Controllers */,
				B69835E822D54AF70095E86E /* Views */,
				B69835E422D5281B0095E86E /* Models */,
				B69835A122D3FB440095E86E /* AppDelegate.h */,
				B69835A222D3FB440095E86E /* AppDelegate.m */,
				B69835A722D3FB440095E86E /* Main.storyboard */,
				B69835AA22D3FB450095E86E /* Assets.xcassets */,
				B69835AC22D3FB450095E86E /* LaunchScreen.storyboard */,
				B69835AF22D3FB450095E86E /* Info.plist */,
				B69835B022D3FB450095E86E /* main.m */,
			);
			path = Instagram;
			sourceTree = "<group>";
		};
		B69835B922D3FB450095E86E /* InstagramTests */ = {
			isa = PBXGroup;
			children = (
				B69835BA22D3FB450095E86E /* InstagramTests.m */,
				B69835BC22D3FB450095E86E /* Info.plist */,
			);
			path = InstagramTests;
			sourceTree = "<group>";
		};
		B69835C422D3FB450095E86E /* InstagramUITests */ = {
			isa = PBXGroup;
			children = (
				B69835C522D3FB450095E86E /* InstagramUITests.m */,
				B69835C722D3FB450095E86E /* Info.plist */,
			);
			path = InstagramUITests;
			sourceTree = "<group>";
		};
		B69835D322D404490095E86E /* View Controllers */ = {
			isa = PBXGroup;
			children = (
				B69835D422D404870095E86E /* LoginViewController.h */,
				B69835D522D404870095E86E /* LoginViewController.m */,
				B69835D722D4061C0095E86E /* CreateAccountViewController.h */,
				B69835D822D4061C0095E86E /* CreateAccountViewController.m */,
				B69835DD22D415370095E86E /* FeedViewController.h */,
				B69835DE22D415370095E86E /* FeedViewController.m */,
				B69835E022D4206E0095E86E /* ComposeViewController.h */,
				B69835E122D4206E0095E86E /* ComposeViewController.m */,
				B69835EC22D66E450095E86E /* ProfileViewController.h */,
				B69835ED22D66E450095E86E /* ProfileViewController.m */,
				B69835F522D690E00095E86E /* CurrentUserProfileViewController.h */,
				B69835F622D690E00095E86E /* CurrentUserProfileViewController.m */,
			);
			path = "View Controllers";
			sourceTree = "<group>";
		};
		B69835E422D5281B0095E86E /* Models */ = {
			isa = PBXGroup;
			children = (
				B69835E522D528350095E86E /* Post.h */,
				B69835E622D528350095E86E /* Post.m */,
			);
			path = Models;
			sourceTree = "<group>";
		};
		B69835E822D54AF70095E86E /* Views */ = {
			isa = PBXGroup;
			children = (
				B69835E922D54B1F0095E86E /* PostCell.h */,
				B69835EA22D54B1F0095E86E /* PostCell.m */,
			);
			path = Views;
			sourceTree = "<group>";
		};
		D844F6599F9A1BF128A66705 /* Pods */ = {
			isa = PBXGroup;
			children = (
				A7CB8B31FAC848F61E17EDF1 /* Pods-Instagram.debug.xcconfig */,
				57D359DDBEA2C18349B5B83D /* Pods-Instagram.release.xcconfig */,
				F07B797FE9B5D338FD4AA09D /* Pods-InstagramTests.debug.xcconfig */,
				17CB463C70BDB4D775E3FC3B /* Pods-InstagramTests.release.xcconfig */,
				A38FEC66827658AE89DE7728 /* Pods-InstagramUITests.debug.xcconfig */,
				CE92474175538546AD37E3EE /* Pods-InstagramUITests.release.xcconfig */,
			);
			path = Pods;
			sourceTree = "<group>";
		};
/* End PBXGroup section */

/* Begin PBXNativeTarget section */
		B698359D22D3FB440095E86E /* Instagram */ = {
			isa = PBXNativeTarget;
			buildConfigurationList = B69835CA22D3FB450095E86E /* Build configuration list for PBXNativeTarget "Instagram" */;
			buildPhases = (
				26B48115E41327CF1F0FF25F /* [CP] Check Pods Manifest.lock */,
				B698359A22D3FB440095E86E /* Sources */,
				B698359B22D3FB440095E86E /* Frameworks */,
				B698359C22D3FB440095E86E /* Resources */,
				A2E537219817989CC6DC04FE /* [CP] Embed Pods Frameworks */,
			);
			buildRules = (
			);
			dependencies = (
			);
			name = Instagram;
			productName = Instagram;
			productReference = B698359E22D3FB440095E86E /* Instagram.app */;
			productType = "com.apple.product-type.application";
		};
		B69835B522D3FB450095E86E /* InstagramTests */ = {
			isa = PBXNativeTarget;
			buildConfigurationList = B69835CD22D3FB450095E86E /* Build configuration list for PBXNativeTarget "InstagramTests" */;
			buildPhases = (
				781B0579D88D2B693AA867CD /* [CP] Check Pods Manifest.lock */,
				B69835B222D3FB450095E86E /* Sources */,
				B69835B322D3FB450095E86E /* Frameworks */,
				B69835B422D3FB450095E86E /* Resources */,
			);
			buildRules = (
			);
			dependencies = (
				B69835B822D3FB450095E86E /* PBXTargetDependency */,
			);
			name = InstagramTests;
			productName = InstagramTests;
			productReference = B69835B622D3FB450095E86E /* InstagramTests.xctest */;
			productType = "com.apple.product-type.bundle.unit-test";
		};
		B69835C022D3FB450095E86E /* InstagramUITests */ = {
			isa = PBXNativeTarget;
			buildConfigurationList = B69835D022D3FB450095E86E /* Build configuration list for PBXNativeTarget "InstagramUITests" */;
			buildPhases = (
				621B4853783921CD91D7B7BE /* [CP] Check Pods Manifest.lock */,
				B69835BD22D3FB450095E86E /* Sources */,
				B69835BE22D3FB450095E86E /* Frameworks */,
				B69835BF22D3FB450095E86E /* Resources */,
			);
			buildRules = (
			);
			dependencies = (
				B69835C322D3FB450095E86E /* PBXTargetDependency */,
			);
			name = InstagramUITests;
			productName = InstagramUITests;
			productReference = B69835C122D3FB450095E86E /* InstagramUITests.xctest */;
			productType = "com.apple.product-type.bundle.ui-testing";
		};
/* End PBXNativeTarget section */

/* Begin PBXProject section */
		B698359622D3FB440095E86E /* Project object */ = {
			isa = PBXProject;
			attributes = {
				LastUpgradeCheck = 1020;
				ORGANIZATIONNAME = taylorka;
				TargetAttributes = {
					B698359D22D3FB440095E86E = {
						CreatedOnToolsVersion = 10.2.1;
					};
					B69835B522D3FB450095E86E = {
						CreatedOnToolsVersion = 10.2.1;
						TestTargetID = B698359D22D3FB440095E86E;
					};
					B69835C022D3FB450095E86E = {
						CreatedOnToolsVersion = 10.2.1;
						TestTargetID = B698359D22D3FB440095E86E;
					};
				};
			};
			buildConfigurationList = B698359922D3FB440095E86E /* Build configuration list for PBXProject "Instagram" */;
			compatibilityVersion = "Xcode 9.3";
			developmentRegion = en;
			hasScannedForEncodings = 0;
			knownRegions = (
				en,
				Base,
			);
			mainGroup = B698359522D3FB440095E86E;
			productRefGroup = B698359F22D3FB440095E86E /* Products */;
			projectDirPath = "";
			projectRoot = "";
			targets = (
				B698359D22D3FB440095E86E /* Instagram */,
				B69835B522D3FB450095E86E /* InstagramTests */,
				B69835C022D3FB450095E86E /* InstagramUITests */,
			);
		};
/* End PBXProject section */

/* Begin PBXResourcesBuildPhase section */
		B698359C22D3FB440095E86E /* Resources */ = {
			isa = PBXResourcesBuildPhase;
			buildActionMask = 2147483647;
			files = (
				B69835AE22D3FB450095E86E /* LaunchScreen.storyboard in Resources */,
				B69835AB22D3FB450095E86E /* Assets.xcassets in Resources */,
				B69835A922D3FB440095E86E /* Main.storyboard in Resources */,
			);
			runOnlyForDeploymentPostprocessing = 0;
		};
		B69835B422D3FB450095E86E /* Resources */ = {
			isa = PBXResourcesBuildPhase;
			buildActionMask = 2147483647;
			files = (
			);
			runOnlyForDeploymentPostprocessing = 0;
		};
		B69835BF22D3FB450095E86E /* Resources */ = {
			isa = PBXResourcesBuildPhase;
			buildActionMask = 2147483647;
			files = (
			);
			runOnlyForDeploymentPostprocessing = 0;
		};
/* End PBXResourcesBuildPhase section */

/* Begin PBXShellScriptBuildPhase section */
		26B48115E41327CF1F0FF25F /* [CP] Check Pods Manifest.lock */ = {
			isa = PBXShellScriptBuildPhase;
			buildActionMask = 2147483647;
			files = (
			);
			inputFileListPaths = (
			);
			inputPaths = (
				"${PODS_PODFILE_DIR_PATH}/Podfile.lock",
				"${PODS_ROOT}/Manifest.lock",
			);
			name = "[CP] Check Pods Manifest.lock";
			outputFileListPaths = (
			);
			outputPaths = (
				"$(DERIVED_FILE_DIR)/Pods-Instagram-checkManifestLockResult.txt",
			);
			runOnlyForDeploymentPostprocessing = 0;
			shellPath = /bin/sh;
			shellScript = "diff \"${PODS_PODFILE_DIR_PATH}/Podfile.lock\" \"${PODS_ROOT}/Manifest.lock\" > /dev/null\nif [ $? != 0 ] ; then\n    # print error to STDERR\n    echo \"error: The sandbox is not in sync with the Podfile.lock. Run 'pod install' or update your CocoaPods installation.\" >&2\n    exit 1\nfi\n# This output is used by Xcode 'outputs' to avoid re-running this script phase.\necho \"SUCCESS\" > \"${SCRIPT_OUTPUT_FILE_0}\"\n";
			showEnvVarsInLog = 0;
		};
		621B4853783921CD91D7B7BE /* [CP] Check Pods Manifest.lock */ = {
			isa = PBXShellScriptBuildPhase;
			buildActionMask = 2147483647;
			files = (
			);
			inputFileListPaths = (
			);
			inputPaths = (
				"${PODS_PODFILE_DIR_PATH}/Podfile.lock",
				"${PODS_ROOT}/Manifest.lock",
			);
			name = "[CP] Check Pods Manifest.lock";
			outputFileListPaths = (
			);
			outputPaths = (
				"$(DERIVED_FILE_DIR)/Pods-InstagramUITests-checkManifestLockResult.txt",
			);
			runOnlyForDeploymentPostprocessing = 0;
			shellPath = /bin/sh;
			shellScript = "diff \"${PODS_PODFILE_DIR_PATH}/Podfile.lock\" \"${PODS_ROOT}/Manifest.lock\" > /dev/null\nif [ $? != 0 ] ; then\n    # print error to STDERR\n    echo \"error: The sandbox is not in sync with the Podfile.lock. Run 'pod install' or update your CocoaPods installation.\" >&2\n    exit 1\nfi\n# This output is used by Xcode 'outputs' to avoid re-running this script phase.\necho \"SUCCESS\" > \"${SCRIPT_OUTPUT_FILE_0}\"\n";
			showEnvVarsInLog = 0;
		};
		781B0579D88D2B693AA867CD /* [CP] Check Pods Manifest.lock */ = {
			isa = PBXShellScriptBuildPhase;
			buildActionMask = 2147483647;
			files = (
			);
			inputFileListPaths = (
			);
			inputPaths = (
				"${PODS_PODFILE_DIR_PATH}/Podfile.lock",
				"${PODS_ROOT}/Manifest.lock",
			);
			name = "[CP] Check Pods Manifest.lock";
			outputFileListPaths = (
			);
			outputPaths = (
				"$(DERIVED_FILE_DIR)/Pods-InstagramTests-checkManifestLockResult.txt",
			);
			runOnlyForDeploymentPostprocessing = 0;
			shellPath = /bin/sh;
			shellScript = "diff \"${PODS_PODFILE_DIR_PATH}/Podfile.lock\" \"${PODS_ROOT}/Manifest.lock\" > /dev/null\nif [ $? != 0 ] ; then\n    # print error to STDERR\n    echo \"error: The sandbox is not in sync with the Podfile.lock. Run 'pod install' or update your CocoaPods installation.\" >&2\n    exit 1\nfi\n# This output is used by Xcode 'outputs' to avoid re-running this script phase.\necho \"SUCCESS\" > \"${SCRIPT_OUTPUT_FILE_0}\"\n";
			showEnvVarsInLog = 0;
		};
		A2E537219817989CC6DC04FE /* [CP] Embed Pods Frameworks */ = {
			isa = PBXShellScriptBuildPhase;
			buildActionMask = 2147483647;
			files = (
			);
			inputFileListPaths = (
				"${PODS_ROOT}/Target Support Files/Pods-Instagram/Pods-Instagram-frameworks-${CONFIGURATION}-input-files.xcfilelist",
			);
			name = "[CP] Embed Pods Frameworks";
			outputFileListPaths = (
				"${PODS_ROOT}/Target Support Files/Pods-Instagram/Pods-Instagram-frameworks-${CONFIGURATION}-output-files.xcfilelist",
			);
			runOnlyForDeploymentPostprocessing = 0;
			shellPath = /bin/sh;
			shellScript = "\"${PODS_ROOT}/Target Support Files/Pods-Instagram/Pods-Instagram-frameworks.sh\"\n";
			showEnvVarsInLog = 0;
		};
/* End PBXShellScriptBuildPhase section */

/* Begin PBXSourcesBuildPhase section */
		B698359A22D3FB440095E86E /* Sources */ = {
			isa = PBXSourcesBuildPhase;
			buildActionMask = 2147483647;
			files = (
				B69835D922D4061C0095E86E /* CreateAccountViewController.m in Sources */,
				B69835EE22D66E450095E86E /* ProfileViewController.m in Sources */,
				B69835F722D690E00095E86E /* CurrentUserProfileViewController.m in Sources */,
				B69835DF22D415370095E86E /* FeedViewController.m in Sources */,
				B69835B122D3FB450095E86E /* main.m in Sources */,
				B69835EB22D54B1F0095E86E /* PostCell.m in Sources */,
				B69835E222D4206E0095E86E /* ComposeViewController.m in Sources */,
				B69835A322D3FB440095E86E /* AppDelegate.m in Sources */,
				B69835D622D404870095E86E /* LoginViewController.m in Sources */,
				B69835E722D528350095E86E /* Post.m in Sources */,
			);
			runOnlyForDeploymentPostprocessing = 0;
		};
		B69835B222D3FB450095E86E /* Sources */ = {
			isa = PBXSourcesBuildPhase;
			buildActionMask = 2147483647;
			files = (
				B69835BB22D3FB450095E86E /* InstagramTests.m in Sources */,
			);
			runOnlyForDeploymentPostprocessing = 0;
		};
		B69835BD22D3FB450095E86E /* Sources */ = {
			isa = PBXSourcesBuildPhase;
			buildActionMask = 2147483647;
			files = (
				B69835C622D3FB450095E86E /* InstagramUITests.m in Sources */,
			);
			runOnlyForDeploymentPostprocessing = 0;
		};
/* End PBXSourcesBuildPhase section */

/* Begin PBXTargetDependency section */
		B69835B822D3FB450095E86E /* PBXTargetDependency */ = {
			isa = PBXTargetDependency;
			target = B698359D22D3FB440095E86E /* Instagram */;
			targetProxy = B69835B722D3FB450095E86E /* PBXContainerItemProxy */;
		};
		B69835C322D3FB450095E86E /* PBXTargetDependency */ = {
			isa = PBXTargetDependency;
			target = B698359D22D3FB440095E86E /* Instagram */;
			targetProxy = B69835C222D3FB450095E86E /* PBXContainerItemProxy */;
		};
/* End PBXTargetDependency section */

/* Begin PBXVariantGroup section */
		B69835A722D3FB440095E86E /* Main.storyboard */ = {
			isa = PBXVariantGroup;
			children = (
				B69835A822D3FB440095E86E /* Base */,
			);
			name = Main.storyboard;
			sourceTree = "<group>";
		};
		B69835AC22D3FB450095E86E /* LaunchScreen.storyboard */ = {
			isa = PBXVariantGroup;
			children = (
				B69835AD22D3FB450095E86E /* Base */,
			);
			name = LaunchScreen.storyboard;
			sourceTree = "<group>";
		};
/* End PBXVariantGroup section */

/* Begin XCBuildConfiguration section */
		B69835C822D3FB450095E86E /* Debug */ = {
			isa = XCBuildConfiguration;
			buildSettings = {
				ALWAYS_SEARCH_USER_PATHS = NO;
				CLANG_ANALYZER_NONNULL = YES;
				CLANG_ANALYZER_NUMBER_OBJECT_CONVERSION = YES_AGGRESSIVE;
				CLANG_CXX_LANGUAGE_STANDARD = "gnu++14";
				CLANG_CXX_LIBRARY = "libc++";
				CLANG_ENABLE_MODULES = YES;
				CLANG_ENABLE_OBJC_ARC = YES;
				CLANG_ENABLE_OBJC_WEAK = YES;
				CLANG_WARN_BLOCK_CAPTURE_AUTORELEASING = YES;
				CLANG_WARN_BOOL_CONVERSION = YES;
				CLANG_WARN_COMMA = YES;
				CLANG_WARN_CONSTANT_CONVERSION = YES;
				CLANG_WARN_DEPRECATED_OBJC_IMPLEMENTATIONS = YES;
				CLANG_WARN_DIRECT_OBJC_ISA_USAGE = YES_ERROR;
				CLANG_WARN_DOCUMENTATION_COMMENTS = YES;
				CLANG_WARN_EMPTY_BODY = YES;
				CLANG_WARN_ENUM_CONVERSION = YES;
				CLANG_WARN_INFINITE_RECURSION = YES;
				CLANG_WARN_INT_CONVERSION = YES;
				CLANG_WARN_NON_LITERAL_NULL_CONVERSION = YES;
				CLANG_WARN_OBJC_IMPLICIT_RETAIN_SELF = YES;
				CLANG_WARN_OBJC_LITERAL_CONVERSION = YES;
				CLANG_WARN_OBJC_ROOT_CLASS = YES_ERROR;
				CLANG_WARN_RANGE_LOOP_ANALYSIS = YES;
				CLANG_WARN_STRICT_PROTOTYPES = YES;
				CLANG_WARN_SUSPICIOUS_MOVE = YES;
				CLANG_WARN_UNGUARDED_AVAILABILITY = YES_AGGRESSIVE;
				CLANG_WARN_UNREACHABLE_CODE = YES;
				CLANG_WARN__DUPLICATE_METHOD_MATCH = YES;
				CODE_SIGN_IDENTITY = "iPhone Developer";
				COPY_PHASE_STRIP = NO;
				DEBUG_INFORMATION_FORMAT = dwarf;
				ENABLE_STRICT_OBJC_MSGSEND = YES;
				ENABLE_TESTABILITY = YES;
				GCC_C_LANGUAGE_STANDARD = gnu11;
				GCC_DYNAMIC_NO_PIC = NO;
				GCC_NO_COMMON_BLOCKS = YES;
				GCC_OPTIMIZATION_LEVEL = 0;
				GCC_PREPROCESSOR_DEFINITIONS = (
					"DEBUG=1",
					"$(inherited)",
				);
				GCC_WARN_64_TO_32_BIT_CONVERSION = YES;
				GCC_WARN_ABOUT_RETURN_TYPE = YES_ERROR;
				GCC_WARN_UNDECLARED_SELECTOR = YES;
				GCC_WARN_UNINITIALIZED_AUTOS = YES_AGGRESSIVE;
				GCC_WARN_UNUSED_FUNCTION = YES;
				GCC_WARN_UNUSED_VARIABLE = YES;
				IPHONEOS_DEPLOYMENT_TARGET = 12.2;
				MTL_ENABLE_DEBUG_INFO = INCLUDE_SOURCE;
				MTL_FAST_MATH = YES;
				ONLY_ACTIVE_ARCH = YES;
				SDKROOT = iphoneos;
			};
			name = Debug;
		};
		B69835C922D3FB450095E86E /* Release */ = {
			isa = XCBuildConfiguration;
			buildSettings = {
				ALWAYS_SEARCH_USER_PATHS = NO;
				CLANG_ANALYZER_NONNULL = YES;
				CLANG_ANALYZER_NUMBER_OBJECT_CONVERSION = YES_AGGRESSIVE;
				CLANG_CXX_LANGUAGE_STANDARD = "gnu++14";
				CLANG_CXX_LIBRARY = "libc++";
				CLANG_ENABLE_MODULES = YES;
				CLANG_ENABLE_OBJC_ARC = YES;
				CLANG_ENABLE_OBJC_WEAK = YES;
				CLANG_WARN_BLOCK_CAPTURE_AUTORELEASING = YES;
				CLANG_WARN_BOOL_CONVERSION = YES;
				CLANG_WARN_COMMA = YES;
				CLANG_WARN_CONSTANT_CONVERSION = YES;
				CLANG_WARN_DEPRECATED_OBJC_IMPLEMENTATIONS = YES;
				CLANG_WARN_DIRECT_OBJC_ISA_USAGE = YES_ERROR;
				CLANG_WARN_DOCUMENTATION_COMMENTS = YES;
				CLANG_WARN_EMPTY_BODY = YES;
				CLANG_WARN_ENUM_CONVERSION = YES;
				CLANG_WARN_INFINITE_RECURSION = YES;
				CLANG_WARN_INT_CONVERSION = YES;
				CLANG_WARN_NON_LITERAL_NULL_CONVERSION = YES;
				CLANG_WARN_OBJC_IMPLICIT_RETAIN_SELF = YES;
				CLANG_WARN_OBJC_LITERAL_CONVERSION = YES;
				CLANG_WARN_OBJC_ROOT_CLASS = YES_ERROR;
				CLANG_WARN_RANGE_LOOP_ANALYSIS = YES;
				CLANG_WARN_STRICT_PROTOTYPES = YES;
				CLANG_WARN_SUSPICIOUS_MOVE = YES;
				CLANG_WARN_UNGUARDED_AVAILABILITY = YES_AGGRESSIVE;
				CLANG_WARN_UNREACHABLE_CODE = YES;
				CLANG_WARN__DUPLICATE_METHOD_MATCH = YES;
				CODE_SIGN_IDENTITY = "iPhone Developer";
				COPY_PHASE_STRIP = NO;
				DEBUG_INFORMATION_FORMAT = "dwarf-with-dsym";
				ENABLE_NS_ASSERTIONS = NO;
				ENABLE_STRICT_OBJC_MSGSEND = YES;
				GCC_C_LANGUAGE_STANDARD = gnu11;
				GCC_NO_COMMON_BLOCKS = YES;
				GCC_WARN_64_TO_32_BIT_CONVERSION = YES;
				GCC_WARN_ABOUT_RETURN_TYPE = YES_ERROR;
				GCC_WARN_UNDECLARED_SELECTOR = YES;
				GCC_WARN_UNINITIALIZED_AUTOS = YES_AGGRESSIVE;
				GCC_WARN_UNUSED_FUNCTION = YES;
				GCC_WARN_UNUSED_VARIABLE = YES;
				IPHONEOS_DEPLOYMENT_TARGET = 12.2;
				MTL_ENABLE_DEBUG_INFO = NO;
				MTL_FAST_MATH = YES;
				SDKROOT = iphoneos;
				VALIDATE_PRODUCT = YES;
			};
			name = Release;
		};
		B69835CB22D3FB450095E86E /* Debug */ = {
			isa = XCBuildConfiguration;
			baseConfigurationReference = A7CB8B31FAC848F61E17EDF1 /* Pods-Instagram.debug.xcconfig */;
			buildSettings = {
				ASSETCATALOG_COMPILER_APPICON_NAME = AppIcon;
				CODE_SIGN_STYLE = Automatic;
				DEVELOPMENT_TEAM = N84J598XL5;
				INFOPLIST_FILE = Instagram/Info.plist;
				LD_RUNPATH_SEARCH_PATHS = (
					"$(inherited)",
					"@executable_path/Frameworks",
				);
				PRODUCT_BUNDLE_IDENTIFIER = com.taylorka.Instagram;
				PRODUCT_NAME = "$(TARGET_NAME)";
				TARGETED_DEVICE_FAMILY = "1,2";
			};
			name = Debug;
		};
		B69835CC22D3FB450095E86E /* Release */ = {
			isa = XCBuildConfiguration;
			baseConfigurationReference = 57D359DDBEA2C18349B5B83D /* Pods-Instagram.release.xcconfig */;
			buildSettings = {
				ASSETCATALOG_COMPILER_APPICON_NAME = AppIcon;
				CODE_SIGN_STYLE = Automatic;
				DEVELOPMENT_TEAM = N84J598XL5;
				INFOPLIST_FILE = Instagram/Info.plist;
				LD_RUNPATH_SEARCH_PATHS = (
					"$(inherited)",
					"@executable_path/Frameworks",
				);
				PRODUCT_BUNDLE_IDENTIFIER = com.taylorka.Instagram;
				PRODUCT_NAME = "$(TARGET_NAME)";
				TARGETED_DEVICE_FAMILY = "1,2";
			};
			name = Release;
		};
		B69835CE22D3FB450095E86E /* Debug */ = {
			isa = XCBuildConfiguration;
			baseConfigurationReference = F07B797FE9B5D338FD4AA09D /* Pods-InstagramTests.debug.xcconfig */;
			buildSettings = {
				BUNDLE_LOADER = "$(TEST_HOST)";
				CODE_SIGN_STYLE = Automatic;
				DEVELOPMENT_TEAM = N84J598XL5;
				INFOPLIST_FILE = InstagramTests/Info.plist;
				LD_RUNPATH_SEARCH_PATHS = (
					"$(inherited)",
					"@executable_path/Frameworks",
					"@loader_path/Frameworks",
				);
				PRODUCT_BUNDLE_IDENTIFIER = com.taylorka.InstagramTests;
				PRODUCT_NAME = "$(TARGET_NAME)";
				TARGETED_DEVICE_FAMILY = "1,2";
				TEST_HOST = "$(BUILT_PRODUCTS_DIR)/Instagram.app/Instagram";
			};
			name = Debug;
		};
		B69835CF22D3FB450095E86E /* Release */ = {
			isa = XCBuildConfiguration;
			baseConfigurationReference = 17CB463C70BDB4D775E3FC3B /* Pods-InstagramTests.release.xcconfig */;
			buildSettings = {
				BUNDLE_LOADER = "$(TEST_HOST)";
				CODE_SIGN_STYLE = Automatic;
				DEVELOPMENT_TEAM = N84J598XL5;
				INFOPLIST_FILE = InstagramTests/Info.plist;
				LD_RUNPATH_SEARCH_PATHS = (
					"$(inherited)",
					"@executable_path/Frameworks",
					"@loader_path/Frameworks",
				);
				PRODUCT_BUNDLE_IDENTIFIER = com.taylorka.InstagramTests;
				PRODUCT_NAME = "$(TARGET_NAME)";
				TARGETED_DEVICE_FAMILY = "1,2";
				TEST_HOST = "$(BUILT_PRODUCTS_DIR)/Instagram.app/Instagram";
			};
			name = Release;
		};
		B69835D122D3FB450095E86E /* Debug */ = {
			isa = XCBuildConfiguration;
			baseConfigurationReference = A38FEC66827658AE89DE7728 /* Pods-InstagramUITests.debug.xcconfig */;
			buildSettings = {
				CODE_SIGN_STYLE = Automatic;
				DEVELOPMENT_TEAM = N84J598XL5;
				INFOPLIST_FILE = InstagramUITests/Info.plist;
				LD_RUNPATH_SEARCH_PATHS = (
					"$(inherited)",
					"@executable_path/Frameworks",
					"@loader_path/Frameworks",
				);
				PRODUCT_BUNDLE_IDENTIFIER = com.taylorka.InstagramUITests;
				PRODUCT_NAME = "$(TARGET_NAME)";
				TARGETED_DEVICE_FAMILY = "1,2";
				TEST_TARGET_NAME = Instagram;
			};
			name = Debug;
		};
		B69835D222D3FB450095E86E /* Release */ = {
			isa = XCBuildConfiguration;
			baseConfigurationReference = CE92474175538546AD37E3EE /* Pods-InstagramUITests.release.xcconfig */;
			buildSettings = {
				CODE_SIGN_STYLE = Automatic;
				DEVELOPMENT_TEAM = N84J598XL5;
				INFOPLIST_FILE = InstagramUITests/Info.plist;
				LD_RUNPATH_SEARCH_PATHS = (
					"$(inherited)",
					"@executable_path/Frameworks",
					"@loader_path/Frameworks",
				);
				PRODUCT_BUNDLE_IDENTIFIER = com.taylorka.InstagramUITests;
				PRODUCT_NAME = "$(TARGET_NAME)";
				TARGETED_DEVICE_FAMILY = "1,2";
				TEST_TARGET_NAME = Instagram;
			};
			name = Release;
		};
/* End XCBuildConfiguration section */

/* Begin XCConfigurationList section */
		B698359922D3FB440095E86E /* Build configuration list for PBXProject "Instagram" */ = {
			isa = XCConfigurationList;
			buildConfigurations = (
				B69835C822D3FB450095E86E /* Debug */,
				B69835C922D3FB450095E86E /* Release */,
			);
			defaultConfigurationIsVisible = 0;
			defaultConfigurationName = Release;
		};
		B69835CA22D3FB450095E86E /* Build configuration list for PBXNativeTarget "Instagram" */ = {
			isa = XCConfigurationList;
			buildConfigurations = (
				B69835CB22D3FB450095E86E /* Debug */,
				B69835CC22D3FB450095E86E /* Release */,
			);
			defaultConfigurationIsVisible = 0;
			defaultConfigurationName = Release;
		};
		B69835CD22D3FB450095E86E /* Build configuration list for PBXNativeTarget "InstagramTests" */ = {
			isa = XCConfigurationList;
			buildConfigurations = (
				B69835CE22D3FB450095E86E /* Debug */,
				B69835CF22D3FB450095E86E /* Release */,
			);
			defaultConfigurationIsVisible = 0;
			defaultConfigurationName = Release;
		};
		B69835D022D3FB450095E86E /* Build configuration list for PBXNativeTarget "InstagramUITests" */ = {
			isa = XCConfigurationList;
			buildConfigurations = (
				B69835D122D3FB450095E86E /* Debug */,
				B69835D222D3FB450095E86E /* Release */,
			);
			defaultConfigurationIsVisible = 0;
			defaultConfigurationName = Release;
		};
/* End XCConfigurationList section */
	};
	rootObject = B698359622D3FB440095E86E /* Project object */;
}
